schema: '2.0'
stages:
  starwars:
    cmd: poetry run python moviescripts/datasets/preprocessing/starwars_preprocessing.py
      preprocess  --data_dir=data/raw/starwars --out_dir=data/processed/starwars
    deps:
    - path: moviescripts/datasets/preprocessing/starwars_preprocessing.py
      md5: 6177a6f8663de11730d21cfe5b3849dc
      size: 5187
    outs:
    - path: data/processed/starwars/train.csv
      md5: 0c9137c9db1144883fc9f5c6d321106f
      size: 117744
    - path: data/processed/starwars/val.csv
      md5: 91faf211caf61ddeaa81fce1b93922d4
      size: 30407
